// !$*UTF8*$!
{
	archiveVersion = 1;
	classes = {
	};
	objectVersion = 56;
	objects = {

/* Begin PBXBuildFile section */
		4CBA61A52B26AF770088891B /* FrenPetApp.swift in Sources */ = {isa = PBXBuildFile; fileRef = 4CBA61A42B26AF770088891B /* FrenPetApp.swift */; };
		4CBA61A72B26AF770088891B /* ContentView.swift in Sources */ = {isa = PBXBuildFile; fileRef = 4CBA61A62B26AF770088891B /* ContentView.swift */; };
		4CBA61A92B26AF780088891B /* Assets.xcassets in Resources */ = {isa = PBXBuildFile; fileRef = 4CBA61A82B26AF780088891B /* Assets.xcassets */; };
		4CBA61AC2B26AF780088891B /* Preview Assets.xcassets in Resources */ = {isa = PBXBuildFile; fileRef = 4CBA61AB2B26AF780088891B /* Preview Assets.xcassets */; };
		4CBA61B32B26AFFB0088891B /* GlobalSettings.swift in Sources */ = {isa = PBXBuildFile; fileRef = 4CBA61B22B26AFFB0088891B /* GlobalSettings.swift */; };
		4CBA61B92B26B4E30088891B /* MyPetView.swift in Sources */ = {isa = PBXBuildFile; fileRef = 4CBA61B82B26B4E30088891B /* MyPetView.swift */; };
		4CBA61BB2B26B9B10088891B /* PetMetricsView.swift in Sources */ = {isa = PBXBuildFile; fileRef = 4CBA61BA2B26B9B10088891B /* PetMetricsView.swift */; };
		4CBA61BE2B26BF960088891B /* PetMetricsBottomView.swift in Sources */ = {isa = PBXBuildFile; fileRef = 4CBA61BD2B26BF960088891B /* PetMetricsBottomView.swift */; };
		4CBA61C02B26D3E10088891B /* ProgressBarView.swift in Sources */ = {isa = PBXBuildFile; fileRef = 4CBA61BF2B26D3E10088891B /* ProgressBarView.swift */; };
		4CBA61C32B26E3910088891B /* PrizeRouletteView.swift in Sources */ = {isa = PBXBuildFile; fileRef = 4CBA61C22B26E3910088891B /* PrizeRouletteView.swift */; };
		4CBA61C72B2807A00088891B /* PetInteractionView.swift in Sources */ = {isa = PBXBuildFile; fileRef = 4CBA61C62B2807A00088891B /* PetInteractionView.swift */; };
/* End PBXBuildFile section */

/* Begin PBXFileReference section */
		4CBA61A12B26AF770088891B /* FrenPet.app */ = {isa = PBXFileReference; explicitFileType = wrapper.application; includeInIndex = 0; path = FrenPet.app; sourceTree = BUILT_PRODUCTS_DIR; };
		4CBA61A42B26AF770088891B /* FrenPetApp.swift */ = {isa = PBXFileReference; lastKnownFileType = sourcecode.swift; path = FrenPetApp.swift; sourceTree = "<group>"; };
		4CBA61A62B26AF770088891B /* ContentView.swift */ = {isa = PBXFileReference; lastKnownFileType = sourcecode.swift; path = ContentView.swift; sourceTree = "<group>"; };
		4CBA61A82B26AF780088891B /* Assets.xcassets */ = {isa = PBXFileReference; lastKnownFileType = folder.assetcatalog; path = Assets.xcassets; sourceTree = "<group>"; };
		4CBA61AB2B26AF780088891B /* Preview Assets.xcassets */ = {isa = PBXFileReference; lastKnownFileType = folder.assetcatalog; path = "Preview Assets.xcassets"; sourceTree = "<group>"; };
		4CBA61B22B26AFFB0088891B /* GlobalSettings.swift */ = {isa = PBXFileReference; lastKnownFileType = sourcecode.swift; path = GlobalSettings.swift; sourceTree = "<group>"; };
		4CBA61B82B26B4E30088891B /* MyPetView.swift */ = {isa = PBXFileReference; lastKnownFileType = sourcecode.swift; path = MyPetView.swift; sourceTree = "<group>"; };
		4CBA61BA2B26B9B10088891B /* PetMetricsView.swift */ = {isa = PBXFileReference; lastKnownFileType = sourcecode.swift; path = PetMetricsView.swift; sourceTree = "<group>"; };
		4CBA61BD2B26BF960088891B /* PetMetricsBottomView.swift */ = {isa = PBXFileReference; lastKnownFileType = sourcecode.swift; path = PetMetricsBottomView.swift; sourceTree = "<group>"; };
		4CBA61BF2B26D3E10088891B /* ProgressBarView.swift */ = {isa = PBXFileReference; lastKnownFileType = sourcecode.swift; path = ProgressBarView.swift; sourceTree = "<group>"; };
		4CBA61C22B26E3910088891B /* PrizeRouletteView.swift */ = {isa = PBXFileReference; lastKnownFileType = sourcecode.swift; path = PrizeRouletteView.swift; sourceTree = "<group>"; };
		4CBA61C62B2807A00088891B /* PetInteractionView.swift */ = {isa = PBXFileReference; lastKnownFileType = sourcecode.swift; path = PetInteractionView.swift; sourceTree = "<group>"; };
/* End PBXFileReference section */

/* Begin PBXFrameworksBuildPhase section */
		4CBA619E2B26AF770088891B /* Frameworks */ = {
			isa = PBXFrameworksBuildPhase;
			buildActionMask = 2147483647;
			files = (
			);
			runOnlyForDeploymentPostprocessing = 0;
		};
/* End PBXFrameworksBuildPhase section */

/* Begin PBXGroup section */
		4CBA61982B26AF770088891B = {
			isa = PBXGroup;
			children = (
				4CBA61A32B26AF770088891B /* FrenPet */,
				4CBA61A22B26AF770088891B /* Products */,
			);
			sourceTree = "<group>";
		};
		4CBA61A22B26AF770088891B /* Products */ = {
			isa = PBXGroup;
			children = (
				4CBA61A12B26AF770088891B /* FrenPet.app */,
			);
			name = Products;
			sourceTree = "<group>";
		};
		4CBA61A32B26AF770088891B /* FrenPet */ = {
			isa = PBXGroup;
			children = (
				4CBA61B22B26AFFB0088891B /* GlobalSettings.swift */,
				4CBA61A42B26AF770088891B /* FrenPetApp.swift */,
				4CBA61A62B26AF770088891B /* ContentView.swift */,
				4CBA61B42B26B15A0088891B /* Activity */,
				4CBA61B52B26B1750088891B /* MyPet */,
				4CBA61B62B26B17E0088891B /* Leaderboard */,
				4CBA61B72B26B1960088891B /* Rewards */,
				4CBA61C12B26E36F0088891B /* PrizeRoulette */,
				4CBA61BC2B26BED90088891B /* QRCode */,
				4CBA61A82B26AF780088891B /* Assets.xcassets */,
				4CBA61AA2B26AF780088891B /* Preview Content */,
			);
			path = FrenPet;
			sourceTree = "<group>";
		};
		4CBA61AA2B26AF780088891B /* Preview Content */ = {
			isa = PBXGroup;
			children = (
				4CBA61AB2B26AF780088891B /* Preview Assets.xcassets */,
			);
			path = "Preview Content";
			sourceTree = "<group>";
		};
		4CBA61B42B26B15A0088891B /* Activity */ = {
			isa = PBXGroup;
			children = (
			);
			path = Activity;
			sourceTree = "<group>";
		};
		4CBA61B52B26B1750088891B /* MyPet */ = {
			isa = PBXGroup;
			children = (
				4CBA61B82B26B4E30088891B /* MyPetView.swift */,
				4CBA61BA2B26B9B10088891B /* PetMetricsView.swift */,
				4CBA61BD2B26BF960088891B /* PetMetricsBottomView.swift */,
				4CBA61BF2B26D3E10088891B /* ProgressBarView.swift */,
				4CBA61C62B2807A00088891B /* PetInteractionView.swift */,
			);
			path = MyPet;
			sourceTree = "<group>";
		};
		4CBA61B62B26B17E0088891B /* Leaderboard */ = {
			isa = PBXGroup;
			children = (
			);
			path = Leaderboard;
			sourceTree = "<group>";
		};
		4CBA61B72B26B1960088891B /* Rewards */ = {
			isa = PBXGroup;
			children = (
			);
			path = Rewards;
			sourceTree = "<group>";
		};
		4CBA61BC2B26BED90088891B /* QRCode */ = {
			isa = PBXGroup;
			children = (
			);
			path = QRCode;
			sourceTree = "<group>";
		};
		4CBA61C12B26E36F0088891B /* PrizeRoulette */ = {
			isa = PBXGroup;
			children = (
				4CBA61C22B26E3910088891B /* PrizeRouletteView.swift */,
			);
			path = PrizeRoulette;
			sourceTree = "<group>";
		};
/* End PBXGroup section */

/* Begin PBXNativeTarget section */
		4CBA61A02B26AF770088891B /* FrenPet */ = {
			isa = PBXNativeTarget;
			buildConfigurationList = 4CBA61AF2B26AF780088891B /* Build configuration list for PBXNativeTarget "FrenPet" */;
			buildPhases = (
				4CBA619D2B26AF770088891B /* Sources */,
				4CBA619E2B26AF770088891B /* Frameworks */,
				4CBA619F2B26AF770088891B /* Resources */,
			);
			buildRules = (
			);
			dependencies = (
			);
			name = FrenPet;
			productName = FrenPet;
			productReference = 4CBA61A12B26AF770088891B /* FrenPet.app */;
			productType = "com.apple.product-type.application";
		};
/* End PBXNativeTarget section */

/* Begin PBXProject section */
		4CBA61992B26AF770088891B /* Project object */ = {
			isa = PBXProject;
			attributes = {
				BuildIndependentTargetsInParallel = 1;
				LastSwiftUpdateCheck = 1500;
				LastUpgradeCheck = 1500;
				TargetAttributes = {
					4CBA61A02B26AF770088891B = {
						CreatedOnToolsVersion = 15.0.1;
					};
				};
			};
			buildConfigurationList = 4CBA619C2B26AF770088891B /* Build configuration list for PBXProject "FrenPet" */;
			compatibilityVersion = "Xcode 14.0";
			developmentRegion = en;
			hasScannedForEncodings = 0;
			knownRegions = (
				en,
				Base,
			);
			mainGroup = 4CBA61982B26AF770088891B;
			productRefGroup = 4CBA61A22B26AF770088891B /* Products */;
			projectDirPath = "";
			projectRoot = "";
			targets = (
				4CBA61A02B26AF770088891B /* FrenPet */,
			);
		};
/* End PBXProject section */

/* Begin PBXResourcesBuildPhase section */
		4CBA619F2B26AF770088891B /* Resources */ = {
			isa = PBXResourcesBuildPhase;
			buildActionMask = 2147483647;
			files = (
				4CBA61AC2B26AF780088891B /* Preview Assets.xcassets in Resources */,
				4CBA61A92B26AF780088891B /* Assets.xcassets in Resources */,
			);
			runOnlyForDeploymentPostprocessing = 0;
		};
/* End PBXResourcesBuildPhase section */

/* Begin PBXSourcesBuildPhase section */
		4CBA619D2B26AF770088891B /* Sources */ = {
			isa = PBXSourcesBuildPhase;
			buildActionMask = 2147483647;
			files = (
				4CBA61B92B26B4E30088891B /* MyPetView.swift in Sources */,
				4CBA61BB2B26B9B10088891B /* PetMetricsView.swift in Sources */,
				4CBA61C32B26E3910088891B /* PrizeRouletteView.swift in Sources */,
				4CBA61A72B26AF770088891B /* ContentView.swift in Sources */,
				4CBA61C72B2807A00088891B /* PetInteractionView.swift in Sources */,
				4CBA61BE2B26BF960088891B /* PetMetricsBottomView.swift in Sources */,
				4CBA61A52B26AF770088891B /* FrenPetApp.swift in Sources */,
				4CBA61B32B26AFFB0088891B /* GlobalSettings.swift in Sources */,
				4CBA61C02B26D3E10088891B /* ProgressBarView.swift in Sources */,
			);
			runOnlyForDeploymentPostprocessing = 0;
		};
/* End PBXSourcesBuildPhase section */

/* Begin XCBuildConfiguration section */
		4CBA61AD2B26AF780088891B /* Debug */ = {
			isa = XCBuildConfiguration;
			buildSettings = {
				ALWAYS_SEARCH_USER_PATHS = NO;
				ASSETCATALOG_COMPILER_GENERATE_SWIFT_ASSET_SYMBOL_EXTENSIONS = YES;
				CLANG_ANALYZER_NONNULL = YES;
				CLANG_ANALYZER_NUMBER_OBJECT_CONVERSION = YES_AGGRESSIVE;
				CLANG_CXX_LANGUAGE_STANDARD = "gnu++20";
				CLANG_ENABLE_MODULES = YES;
				CLANG_ENABLE_OBJC_ARC = YES;
				CLANG_ENABLE_OBJC_WEAK = YES;
				CLANG_WARN_BLOCK_CAPTURE_AUTORELEASING = YES;
				CLANG_WARN_BOOL_CONVERSION = YES;
				CLANG_WARN_COMMA = YES;
				CLANG_WARN_CONSTANT_CONVERSION = YES;
				CLANG_WARN_DEPRECATED_OBJC_IMPLEMENTATIONS = YES;
				CLANG_WARN_DIRECT_OBJC_ISA_USAGE = YES_ERROR;
				CLANG_WARN_DOCUMENTATION_COMMENTS = YES;
				CLANG_WARN_EMPTY_BODY = YES;
				CLANG_WARN_ENUM_CONVERSION = YES;
				CLANG_WARN_INFINITE_RECURSION = YES;
				CLANG_WARN_INT_CONVERSION = YES;
				CLANG_WARN_NON_LITERAL_NULL_CONVERSION = YES;
				CLANG_WARN_OBJC_IMPLICIT_RETAIN_SELF = YES;
				CLANG_WARN_OBJC_LITERAL_CONVERSION = YES;
				CLANG_WARN_OBJC_ROOT_CLASS = YES_ERROR;
				CLANG_WARN_QUOTED_INCLUDE_IN_FRAMEWORK_HEADER = YES;
				CLANG_WARN_RANGE_LOOP_ANALYSIS = YES;
				CLANG_WARN_STRICT_PROTOTYPES = YES;
				CLANG_WARN_SUSPICIOUS_MOVE = YES;
				CLANG_WARN_UNGUARDED_AVAILABILITY = YES_AGGRESSIVE;
				CLANG_WARN_UNREACHABLE_CODE = YES;
				CLANG_WARN__DUPLICATE_METHOD_MATCH = YES;
				COPY_PHASE_STRIP = NO;
				DEBUG_INFORMATION_FORMAT = dwarf;
				ENABLE_STRICT_OBJC_MSGSEND = YES;
				ENABLE_TESTABILITY = YES;
				ENABLE_USER_SCRIPT_SANDBOXING = YES;
				GCC_C_LANGUAGE_STANDARD = gnu17;
				GCC_DYNAMIC_NO_PIC = NO;
				GCC_NO_COMMON_BLOCKS = YES;
				GCC_OPTIMIZATION_LEVEL = 0;
				GCC_PREPROCESSOR_DEFINITIONS = (
					"DEBUG=1",
					"$(inherited)",
				);
				GCC_WARN_64_TO_32_BIT_CONVERSION = YES;
				GCC_WARN_ABOUT_RETURN_TYPE = YES_ERROR;
				GCC_WARN_UNDECLARED_SELECTOR = YES;
				GCC_WARN_UNINITIALIZED_AUTOS = YES_AGGRESSIVE;
				GCC_WARN_UNUSED_FUNCTION = YES;
				GCC_WARN_UNUSED_VARIABLE = YES;
				IPHONEOS_DEPLOYMENT_TARGET = 17.0;
				LOCALIZATION_PREFERS_STRING_CATALOGS = YES;
				MTL_ENABLE_DEBUG_INFO = INCLUDE_SOURCE;
				MTL_FAST_MATH = YES;
				ONLY_ACTIVE_ARCH = YES;
				SDKROOT = iphoneos;
				SWIFT_ACTIVE_COMPILATION_CONDITIONS = "DEBUG $(inherited)";
				SWIFT_OPTIMIZATION_LEVEL = "-Onone";
			};
			name = Debug;
		};
		4CBA61AE2B26AF780088891B /* Release */ = {
			isa = XCBuildConfiguration;
			buildSettings = {
				ALWAYS_SEARCH_USER_PATHS = NO;
				ASSETCATALOG_COMPILER_GENERATE_SWIFT_ASSET_SYMBOL_EXTENSIONS = YES;
				CLANG_ANALYZER_NONNULL = YES;
				CLANG_ANALYZER_NUMBER_OBJECT_CONVERSION = YES_AGGRESSIVE;
				CLANG_CXX_LANGUAGE_STANDARD = "gnu++20";
				CLANG_ENABLE_MODULES = YES;
				CLANG_ENABLE_OBJC_ARC = YES;
				CLANG_ENABLE_OBJC_WEAK = YES;
				CLANG_WARN_BLOCK_CAPTURE_AUTORELEASING = YES;
				CLANG_WARN_BOOL_CONVERSION = YES;
				CLANG_WARN_COMMA = YES;
				CLANG_WARN_CONSTANT_CONVERSION = YES;
				CLANG_WARN_DEPRECATED_OBJC_IMPLEMENTATIONS = YES;
				CLANG_WARN_DIRECT_OBJC_ISA_USAGE = YES_ERROR;
				CLANG_WARN_DOCUMENTATION_COMMENTS = YES;
				CLANG_WARN_EMPTY_BODY = YES;
				CLANG_WARN_ENUM_CONVERSION = YES;
				CLANG_WARN_INFINITE_RECURSION = YES;
				CLANG_WARN_INT_CONVERSION = YES;
				CLANG_WARN_NON_LITERAL_NULL_CONVERSION = YES;
				CLANG_WARN_OBJC_IMPLICIT_RETAIN_SELF = YES;
				CLANG_WARN_OBJC_LITERAL_CONVERSION = YES;
				CLANG_WARN_OBJC_ROOT_CLASS = YES_ERROR;
				CLANG_WARN_QUOTED_INCLUDE_IN_FRAMEWORK_HEADER = YES;
				CLANG_WARN_RANGE_LOOP_ANALYSIS = YES;
				CLANG_WARN_STRICT_PROTOTYPES = YES;
				CLANG_WARN_SUSPICIOUS_MOVE = YES;
				CLANG_WARN_UNGUARDED_AVAILABILITY = YES_AGGRESSIVE;
				CLANG_WARN_UNREACHABLE_CODE = YES;
				CLANG_WARN__DUPLICATE_METHOD_MATCH = YES;
				COPY_PHASE_STRIP = NO;
				DEBUG_INFORMATION_FORMAT = "dwarf-with-dsym";
				ENABLE_NS_ASSERTIONS = NO;
				ENABLE_STRICT_OBJC_MSGSEND = YES;
				ENABLE_USER_SCRIPT_SANDBOXING = YES;
				GCC_C_LANGUAGE_STANDARD = gnu17;
				GCC_NO_COMMON_BLOCKS = YES;
				GCC_WARN_64_TO_32_BIT_CONVERSION = YES;
				GCC_WARN_ABOUT_RETURN_TYPE = YES_ERROR;
				GCC_WARN_UNDECLARED_SELECTOR = YES;
				GCC_WARN_UNINITIALIZED_AUTOS = YES_AGGRESSIVE;
				GCC_WARN_UNUSED_FUNCTION = YES;
				GCC_WARN_UNUSED_VARIABLE = YES;
				IPHONEOS_DEPLOYMENT_TARGET = 17.0;
				LOCALIZATION_PREFERS_STRING_CATALOGS = YES;
				MTL_ENABLE_DEBUG_INFO = NO;
				MTL_FAST_MATH = YES;
				SDKROOT = iphoneos;
				SWIFT_COMPILATION_MODE = wholemodule;
				VALIDATE_PRODUCT = YES;
			};
			name = Release;
		};
		4CBA61B02B26AF780088891B /* Debug */ = {
			isa = XCBuildConfiguration;
			buildSettings = {
				ASSETCATALOG_COMPILER_APPICON_NAME = AppIcon;
				ASSETCATALOG_COMPILER_GLOBAL_ACCENT_COLOR_NAME = AccentColor;
				CODE_SIGN_STYLE = Automatic;
				CURRENT_PROJECT_VERSION = 1;
				DEVELOPMENT_ASSET_PATHS = "\"FrenPet/Preview Content\"";
				ENABLE_PREVIEWS = YES;
				GENERATE_INFOPLIST_FILE = YES;
				INFOPLIST_KEY_UIApplicationSceneManifest_Generation = YES;
				INFOPLIST_KEY_UIApplicationSupportsIndirectInputEvents = YES;
				INFOPLIST_KEY_UILaunchScreen_Generation = YES;
				INFOPLIST_KEY_UISupportedInterfaceOrientations_iPad = "UIInterfaceOrientationPortrait UIInterfaceOrientationPortraitUpsideDown UIInterfaceOrientationLandscapeLeft UIInterfaceOrientationLandscapeRight";
				INFOPLIST_KEY_UISupportedInterfaceOrientations_iPhone = "UIInterfaceOrientationPortrait UIInterfaceOrientationLandscapeLeft UIInterfaceOrientationLandscapeRight";
				LD_RUNPATH_SEARCH_PATHS = (
					"$(inherited)",
					"@executable_path/Frameworks",
				);
				MARKETING_VERSION = 1.0;
				PRODUCT_BUNDLE_IDENTIFIER = com.waterboys.beta.FrenPet;
				PRODUCT_NAME = "$(TARGET_NAME)";
				SWIFT_EMIT_LOC_STRINGS = YES;
				SWIFT_VERSION = 5.0;
				TARGETED_DEVICE_FAMILY = "1,2";
			};
			name = Debug;
		};
		4CBA61B12B26AF780088891B /* Release */ = {
			isa = XCBuildConfiguration;
			buildSettings = {
				ASSETCATALOG_COMPILER_APPICON_NAME = AppIcon;
				ASSETCATALOG_COMPILER_GLOBAL_ACCENT_COLOR_NAME = AccentColor;
				CODE_SIGN_STYLE = Automatic;
				CURRENT_PROJECT_VERSION = 1;
				DEVELOPMENT_ASSET_PATHS = "\"FrenPet/Preview Content\"";
				ENABLE_PREVIEWS = YES;
				GENERATE_INFOPLIST_FILE = YES;
				INFOPLIST_KEY_UIApplicationSceneManifest_Generation = YES;
				INFOPLIST_KEY_UIApplicationSupportsIndirectInputEvents = YES;
				INFOPLIST_KEY_UILaunchScreen_Generation = YES;
				INFOPLIST_KEY_UISupportedInterfaceOrientations_iPad = "UIInterfaceOrientationPortrait UIInterfaceOrientationPortraitUpsideDown UIInterfaceOrientationLandscapeLeft UIInterfaceOrientationLandscapeRight";
				INFOPLIST_KEY_UISupportedInterfaceOrientations_iPhone = "UIInterfaceOrientationPortrait UIInterfaceOrientationLandscapeLeft UIInterfaceOrientationLandscapeRight";
				LD_RUNPATH_SEARCH_PATHS = (
					"$(inherited)",
					"@executable_path/Frameworks",
				);
				MARKETING_VERSION = 1.0;
				PRODUCT_BUNDLE_IDENTIFIER = com.waterboys.beta.FrenPet;
				PRODUCT_NAME = "$(TARGET_NAME)";
				SWIFT_EMIT_LOC_STRINGS = YES;
				SWIFT_VERSION = 5.0;
				TARGETED_DEVICE_FAMILY = "1,2";
			};
			name = Release;
		};
/* End XCBuildConfiguration section */

/* Begin XCConfigurationList section */
		4CBA619C2B26AF770088891B /* Build configuration list for PBXProject "FrenPet" */ = {
			isa = XCConfigurationList;
			buildConfigurations = (
				4CBA61AD2B26AF780088891B /* Debug */,
				4CBA61AE2B26AF780088891B /* Release */,
			);
			defaultConfigurationIsVisible = 0;
			defaultConfigurationName = Release;
		};
		4CBA61AF2B26AF780088891B /* Build configuration list for PBXNativeTarget "FrenPet" */ = {
			isa = XCConfigurationList;
			buildConfigurations = (
				4CBA61B02B26AF780088891B /* Debug */,
				4CBA61B12B26AF780088891B /* Release */,
			);
			defaultConfigurationIsVisible = 0;
			defaultConfigurationName = Release;
		};
/* End XCConfigurationList section */
	};
	rootObject = 4CBA61992B26AF770088891B /* Project object */;
}
